
Microsoft Visual Studio Solution File, Format Version 12.00
# Visual Studio 15
VisualStudioVersion = 15.0.28010.2046
MinimumVisualStudioVersion = 10.0.40219.1
Project("{8BC9CEB8-8B4A-11D0-8D11-00A0C91BC942}") = "Project1", "Project1\Project1.vcxproj", "{F375A672-5597-49BD-89D1-CF1ECB5EBC83}"
EndProject
Global
	GlobalSection(SolutionConfigurationPlatforms) = preSolution
		Debug|x64 = Debug|x64
		Debug|x86 = Debug|x86
		Release|x64 = Release|x64
		Release|x86 = Release|x86
	EndGlobalSection
	GlobalSection(ProjectConfigurationPlatforms) = postSolution
		{F375A672-5597-49BD-89D1-CF1ECB5EBC83}.Debug|x64.ActiveCfg = Debug|x64
		{F375A672-5597-49BD-89D1-CF1ECB5EBC83}.Debug|x64.Build.0 = Debug|x64
		{F375A672-5597-49BD-89D1-CF1ECB5EBC83}.Debug|x86.ActiveCfg = Debug|Win32
		{F375A672-5597-49BD-89D1-CF1ECB5EBC83}.Debug|x86.Build.0 = Debug|Win32
		{F375A672-5597-49BD-89D1-CF1ECB5EBC83}.Release|x64.ActiveCfg = Release|x64
		{F375A672-5597-49BD-89D1-CF1ECB5EBC83}.Release|x64.Build.0 = Release|x64
		{F375A672-5597-49BD-89D1-CF1ECB5EBC83}.Release|x86.ActiveCfg = Release|Win32
		{F375A672-5597-49BD-89D1-CF1ECB5EBC83}.Release|x86.Build.0 = Release|Win32
	EndGlobalSection
	GlobalSection(SolutionProperties) = preSolution
		HideSolutionNode = FALSE
	EndGlobalSection
	GlobalSection(ExtensibilityGlobals) = postSolution
		SolutionGuid = {8B982044-2142-4632-B7B0-66D5A88D11CB}
	EndGlobalSection
EndGlobal
