
Microsoft Visual Studio Solution File, Format Version 12.00
# Visual Studio Version 16
VisualStudioVersion = 16.0.31424.327
MinimumVisualStudioVersion = 10.0.40219.1
Project("{8BC9CEB8-8B4A-11D0-8D11-00A0C91BC942}") = "Find_The_Array", "Find_The_Array\Find_The_Array.vcxproj", "{881069F9-EB98-44C5-974E-F0DADF022FC1}"
EndProject
Global
	GlobalSection(SolutionConfigurationPlatforms) = preSolution
		Debug|x64 = Debug|x64
		Debug|x86 = Debug|x86
		Release|x64 = Release|x64
		Release|x86 = Release|x86
	EndGlobalSection
	GlobalSection(ProjectConfigurationPlatforms) = postSolution
		{881069F9-EB98-44C5-974E-F0DADF022FC1}.Debug|x64.ActiveCfg = Debug|x64
		{881069F9-EB98-44C5-974E-F0DADF022FC1}.Debug|x64.Build.0 = Debug|x64
		{881069F9-EB98-44C5-974E-F0DADF022FC1}.Debug|x86.ActiveCfg = Debug|Win32
		{881069F9-EB98-44C5-974E-F0DADF022FC1}.Debug|x86.Build.0 = Debug|Win32
		{881069F9-EB98-44C5-974E-F0DADF022FC1}.Release|x64.ActiveCfg = Release|x64
		{881069F9-EB98-44C5-974E-F0DADF022FC1}.Release|x64.Build.0 = Release|x64
		{881069F9-EB98-44C5-974E-F0DADF022FC1}.Release|x86.ActiveCfg = Release|Win32
		{881069F9-EB98-44C5-974E-F0DADF022FC1}.Release|x86.Build.0 = Release|Win32
	EndGlobalSection
	GlobalSection(SolutionProperties) = preSolution
		HideSolutionNode = FALSE
	EndGlobalSection
	GlobalSection(ExtensibilityGlobals) = postSolution
		SolutionGuid = {7FE33742-3796-4EFC-A7E3-DE3001F847FF}
	EndGlobalSection
EndGlobal
