
Microsoft Visual Studio Solution File, Format Version 12.00
# Visual Studio 15
VisualStudioVersion = 15.0.28010.2046
MinimumVisualStudioVersion = 10.0.40219.1
Project("{8BC9CEB8-8B4A-11D0-8D11-00A0C91BC942}") = "Matrix Game", "Matrix Game\Matrix Game.vcxproj", "{B32201E6-A593-46E5-81F2-6C2C5046F45C}"
EndProject
Global
	GlobalSection(SolutionConfigurationPlatforms) = preSolution
		Debug|x64 = Debug|x64
		Debug|x86 = Debug|x86
		Release|x64 = Release|x64
		Release|x86 = Release|x86
	EndGlobalSection
	GlobalSection(ProjectConfigurationPlatforms) = postSolution
		{B32201E6-A593-46E5-81F2-6C2C5046F45C}.Debug|x64.ActiveCfg = Debug|x64
		{B32201E6-A593-46E5-81F2-6C2C5046F45C}.Debug|x64.Build.0 = Debug|x64
		{B32201E6-A593-46E5-81F2-6C2C5046F45C}.Debug|x86.ActiveCfg = Debug|Win32
		{B32201E6-A593-46E5-81F2-6C2C5046F45C}.Debug|x86.Build.0 = Debug|Win32
		{B32201E6-A593-46E5-81F2-6C2C5046F45C}.Release|x64.ActiveCfg = Release|x64
		{B32201E6-A593-46E5-81F2-6C2C5046F45C}.Release|x64.Build.0 = Release|x64
		{B32201E6-A593-46E5-81F2-6C2C5046F45C}.Release|x86.ActiveCfg = Release|Win32
		{B32201E6-A593-46E5-81F2-6C2C5046F45C}.Release|x86.Build.0 = Release|Win32
	EndGlobalSection
	GlobalSection(SolutionProperties) = preSolution
		HideSolutionNode = FALSE
	EndGlobalSection
	GlobalSection(ExtensibilityGlobals) = postSolution
		SolutionGuid = {236B1F28-A85B-4D88-A5E3-B1140C3DBB92}
	EndGlobalSection
EndGlobal
