
Microsoft Visual Studio Solution File, Format Version 12.00
# Visual Studio 15
VisualStudioVersion = 15.0.28307.1231
MinimumVisualStudioVersion = 10.0.40219.1
Project("{8BC9CEB8-8B4A-11D0-8D11-00A0C91BC942}") = "Street Parade", "Street Parade\Street Parade.vcxproj", "{116DA1A1-389F-49F8-96B5-E006480E27AE}"
EndProject
Global
	GlobalSection(SolutionConfigurationPlatforms) = preSolution
		Debug|x64 = Debug|x64
		Debug|x86 = Debug|x86
		Release|x64 = Release|x64
		Release|x86 = Release|x86
	EndGlobalSection
	GlobalSection(ProjectConfigurationPlatforms) = postSolution
		{116DA1A1-389F-49F8-96B5-E006480E27AE}.Debug|x64.ActiveCfg = Debug|x64
		{116DA1A1-389F-49F8-96B5-E006480E27AE}.Debug|x64.Build.0 = Debug|x64
		{116DA1A1-389F-49F8-96B5-E006480E27AE}.Debug|x86.ActiveCfg = Debug|Win32
		{116DA1A1-389F-49F8-96B5-E006480E27AE}.Debug|x86.Build.0 = Debug|Win32
		{116DA1A1-389F-49F8-96B5-E006480E27AE}.Release|x64.ActiveCfg = Release|x64
		{116DA1A1-389F-49F8-96B5-E006480E27AE}.Release|x64.Build.0 = Release|x64
		{116DA1A1-389F-49F8-96B5-E006480E27AE}.Release|x86.ActiveCfg = Release|Win32
		{116DA1A1-389F-49F8-96B5-E006480E27AE}.Release|x86.Build.0 = Release|Win32
	EndGlobalSection
	GlobalSection(SolutionProperties) = preSolution
		HideSolutionNode = FALSE
	EndGlobalSection
	GlobalSection(ExtensibilityGlobals) = postSolution
		SolutionGuid = {EA772FE7-9DE1-4371-9A10-77F9FF8432E7}
	EndGlobalSection
EndGlobal
