
Microsoft Visual Studio Solution File, Format Version 12.00
# Visual Studio 15
VisualStudioVersion = 15.0.28010.2046
MinimumVisualStudioVersion = 10.0.40219.1
Project("{8BC9CEB8-8B4A-11D0-8D11-00A0C91BC942}") = "Coin Change", "Coin Change\Coin Change.vcxproj", "{F95FE9F4-78C0-44EC-991B-60889BA2789B}"
EndProject
Global
	GlobalSection(SolutionConfigurationPlatforms) = preSolution
		Debug|x64 = Debug|x64
		Debug|x86 = Debug|x86
		Release|x64 = Release|x64
		Release|x86 = Release|x86
	EndGlobalSection
	GlobalSection(ProjectConfigurationPlatforms) = postSolution
		{F95FE9F4-78C0-44EC-991B-60889BA2789B}.Debug|x64.ActiveCfg = Debug|x64
		{F95FE9F4-78C0-44EC-991B-60889BA2789B}.Debug|x64.Build.0 = Debug|x64
		{F95FE9F4-78C0-44EC-991B-60889BA2789B}.Debug|x86.ActiveCfg = Debug|Win32
		{F95FE9F4-78C0-44EC-991B-60889BA2789B}.Debug|x86.Build.0 = Debug|Win32
		{F95FE9F4-78C0-44EC-991B-60889BA2789B}.Release|x64.ActiveCfg = Release|x64
		{F95FE9F4-78C0-44EC-991B-60889BA2789B}.Release|x64.Build.0 = Release|x64
		{F95FE9F4-78C0-44EC-991B-60889BA2789B}.Release|x86.ActiveCfg = Release|Win32
		{F95FE9F4-78C0-44EC-991B-60889BA2789B}.Release|x86.Build.0 = Release|Win32
	EndGlobalSection
	GlobalSection(SolutionProperties) = preSolution
		HideSolutionNode = FALSE
	EndGlobalSection
	GlobalSection(ExtensibilityGlobals) = postSolution
		SolutionGuid = {247E8AAE-5152-4585-8E47-BE4AE5728A9B}
	EndGlobalSection
EndGlobal
